
Microsoft Visual Studio Solution File, Format Version 12.00
# Visual Studio Version 16
VisualStudioVersion = 16.0.29230.47
MinimumVisualStudioVersion = 10.0.40219.1
Project("{FAE04EC0-301F-11D3-BF4B-00C04F79EFBC}") = "HackerRank-Compare-The-Triplets", "HackerRank-Compare-The-Triplets.csproj", "{0485AE51-C7FF-4336-9A14-A7A2F9704383}"
EndProject
Global
	GlobalSection(SolutionConfigurationPlatforms) = preSolution
		Debug|Any CPU = Debug|Any CPU
		Release|Any CPU = Release|Any CPU
	EndGlobalSection
	GlobalSection(ProjectConfigurationPlatforms) = postSolution
		{0485AE51-C7FF-4336-9A14-A7A2F9704383}.Debug|Any CPU.ActiveCfg = Debug|Any CPU
		{0485AE51-C7FF-4336-9A14-A7A2F9704383}.Debug|Any CPU.Build.0 = Debug|Any CPU
		{0485AE51-C7FF-4336-9A14-A7A2F9704383}.Release|Any CPU.ActiveCfg = Release|Any CPU
		{0485AE51-C7FF-4336-9A14-A7A2F9704383}.Release|Any CPU.Build.0 = Release|Any CPU
	EndGlobalSection
	GlobalSection(SolutionProperties) = preSolution
		HideSolutionNode = FALSE
	EndGlobalSection
	GlobalSection(ExtensibilityGlobals) = postSolution
		SolutionGuid = {26B1DA4B-440F-437C-80AC-B3661D39945A}
	EndGlobalSection
EndGlobal
